
Microsoft Visual Studio Solution File, Format Version 12.00
# Visual Studio Version 16
VisualStudioVersion = 16.0.32929.386
MinimumVisualStudioVersion = 10.0.40219.1
Project("{FAE04EC0-301F-11D3-BF4B-00C04F79EFBC}") = "Sorting", "Sorting\Sorting.csproj", "{DCD76ACA-E2A1-444E-B890-6BEEBD47B88D}"
EndProject
Global
	GlobalSection(SolutionConfigurationPlatforms) = preSolution
		Debug|Any CPU = Debug|Any CPU
		Release|Any CPU = Release|Any CPU
	EndGlobalSection
	GlobalSection(ProjectConfigurationPlatforms) = postSolution
		{DCD76ACA-E2A1-444E-B890-6BEEBD47B88D}.Debug|Any CPU.ActiveCfg = Debug|Any CPU
		{DCD76ACA-E2A1-444E-B890-6BEEBD47B88D}.Debug|Any CPU.Build.0 = Debug|Any CPU
		{DCD76ACA-E2A1-444E-B890-6BEEBD47B88D}.Release|Any CPU.ActiveCfg = Release|Any CPU
		{DCD76ACA-E2A1-444E-B890-6BEEBD47B88D}.Release|Any CPU.Build.0 = Release|Any CPU
	EndGlobalSection
	GlobalSection(SolutionProperties) = preSolution
		HideSolutionNode = FALSE
	EndGlobalSection
	GlobalSection(ExtensibilityGlobals) = postSolution
		SolutionGuid = {414FDDF3-838D-47A4-82F5-86DB66AE643C}
	EndGlobalSection
EndGlobal
